{
  "name": "N-chat",
  "lockfileVersion": 2,
  "requires": true,
  "packages": {
    "": {
      "dependencies": {
        "dictionary-sv": "^3.1.0"
      }
    },
    "node_modules/dictionary-sv": {
      "version": "3.1.0",
      "resolved": "https://registry.npmjs.org/dictionary-sv/-/dictionary-sv-3.1.0.tgz",
      "integrity": "sha512-9LeM0/crBXCb4m3PhF2lXpvWhUMSqCJuHGqAkzAtUTffnHO74mOdMyMIl7ro1Dmd0d9e7s5sR0tVJk4qjzbB9w==",
      "funding": {
        "type": "github",
        "url": "https://github.com/sponsors/wooorm"
      }
    }
  },
  "dependencies": {
    "dictionary-sv": {
      "version": "3.1.0",
      "resolved": "https://registry.npmjs.org/dictionary-sv/-/dictionary-sv-3.1.0.tgz",
      "integrity": "sha512-9LeM0/crBXCb4m3PhF2lXpvWhUMSqCJuHGqAkzAtUTffnHO74mOdMyMIl7ro1Dmd0d9e7s5sR0tVJk4qjzbB9w=="
    }
  }
}
